
Microsoft Visual Studio Solution File, Format Version 12.00
# Visual Studio Version 17
VisualStudioVersion = 17.3.32901.215
MinimumVisualStudioVersion = 10.0.40219.1
Project("{FAE04EC0-301F-11D3-BF4B-00C04F79EFBC}") = "Assignment7_Bekir_Osmanovv", "Assignment7_Bekir_Osmanovv\Assignment7_Bekir_Osmanovv.csproj", "{3098CB53-E05A-48D4-8200-966AF77B984B}"
EndProject
Global
	GlobalSection(SolutionConfigurationPlatforms) = preSolution
		Debug|Any CPU = Debug|Any CPU
		Release|Any CPU = Release|Any CPU
	EndGlobalSection
	GlobalSection(ProjectConfigurationPlatforms) = postSolution
		{3098CB53-E05A-48D4-8200-966AF77B984B}.Debug|Any CPU.ActiveCfg = Debug|Any CPU
		{3098CB53-E05A-48D4-8200-966AF77B984B}.Debug|Any CPU.Build.0 = Debug|Any CPU
		{3098CB53-E05A-48D4-8200-966AF77B984B}.Release|Any CPU.ActiveCfg = Release|Any CPU
		{3098CB53-E05A-48D4-8200-966AF77B984B}.Release|Any CPU.Build.0 = Release|Any CPU
	EndGlobalSection
	GlobalSection(SolutionProperties) = preSolution
		HideSolutionNode = FALSE
	EndGlobalSection
	GlobalSection(ExtensibilityGlobals) = postSolution
		SolutionGuid = {DC1C4BC6-A4A1-40D4-8C78-EB38D263A4C6}
	EndGlobalSection
EndGlobal
